// !$*UTF8*$!
{
	archiveVersion = 1;
	classes = {
	};
	objectVersion = 46;
	objects = {

/* Begin PBXBuildFile section */
		A1CA95B61B16C3CA0008E39C /* Main.storyboard in Resources */ = {isa = PBXBuildFile; fileRef = A1CA95B41B16C3CA0008E39C /* Main.storyboard */; };
		A1CA95B81B16C3CA0008E39C /* Assets.xcassets in Resources */ = {isa = PBXBuildFile; fileRef = A1CA95B71B16C3CA0008E39C /* Assets.xcassets */; };
		A1CA95BB1B16C3CA0008E39C /* LaunchScreen.storyboard in Resources */ = {isa = PBXBuildFile; fileRef = A1CA95B91B16C3CA0008E39C /* LaunchScreen.storyboard */; };
		D7F1AA741B40D98A000DBF82 /* AAPLViewController.swift in Sources */ = {isa = PBXBuildFile; fileRef = D7F1AA711B40BD65000DBF82 /* AAPLViewController.swift */; };
		D7F1AA761B40D99A000DBF82 /* AAPLAppDelegate.swift in Sources */ = {isa = PBXBuildFile; fileRef = D7F1AA751B40D99A000DBF82 /* AAPLAppDelegate.swift */; };
/* End PBXBuildFile section */

/* Begin PBXFileReference section */
		3EDF65B41B1E607000D7AF83 /* README.md */ = {isa = PBXFileReference; lastKnownFileType = net.daringfireball.markdown; path = README.md; sourceTree = "<group>"; };
		A1CA95A81B16C3CA0008E39C /* AstroLayout.app */ = {isa = PBXFileReference; explicitFileType = wrapper.application; includeInIndex = 0; path = AstroLayout.app; sourceTree = BUILT_PRODUCTS_DIR; };
		A1CA95B51B16C3CA0008E39C /* Base */ = {isa = PBXFileReference; lastKnownFileType = file.storyboard; name = Base; path = Base.lproj/Main.storyboard; sourceTree = "<group>"; };
		A1CA95B71B16C3CA0008E39C /* Assets.xcassets */ = {isa = PBXFileReference; lastKnownFileType = folder.assetcatalog; path = Assets.xcassets; sourceTree = "<group>"; };
		A1CA95BA1B16C3CA0008E39C /* Base */ = {isa = PBXFileReference; lastKnownFileType = file.storyboard; name = Base; path = Base.lproj/LaunchScreen.storyboard; sourceTree = "<group>"; };
		A1CA95BC1B16C3CA0008E39C /* Info.plist */ = {isa = PBXFileReference; lastKnownFileType = text.plist.xml; path = Info.plist; sourceTree = "<group>"; };
		D7F1AA711B40BD65000DBF82 /* AAPLViewController.swift */ = {isa = PBXFileReference; fileEncoding = 4; lastKnownFileType = sourcecode.swift; path = AAPLViewController.swift; sourceTree = "<group>"; };
		D7F1AA751B40D99A000DBF82 /* AAPLAppDelegate.swift */ = {isa = PBXFileReference; fileEncoding = 4; lastKnownFileType = sourcecode.swift; path = AAPLAppDelegate.swift; sourceTree = "<group>"; };
		D7F1AA771B40DA56000DBF82 /* LICENSE.txt */ = {isa = PBXFileReference; fileEncoding = 4; lastKnownFileType = text; path = LICENSE.txt; sourceTree = "<group>"; };
		D7F1AA791B40DA69000DBF82 /* README2.md */ = {isa = PBXFileReference; fileEncoding = 4; lastKnownFileType = net.daringfireball.markdown; path = README2.md; sourceTree = "<group>"; };
/* End PBXFileReference section */

/* Begin PBXFrameworksBuildPhase section */
		A1CA95A51B16C3CA0008E39C /* Frameworks */ = {
			isa = PBXFrameworksBuildPhase;
			buildActionMask = 2147483647;
			files = (
			);
			runOnlyForDeploymentPostprocessing = 0;
		};
/* End PBXFrameworksBuildPhase section */

/* Begin PBXGroup section */
		A1CA959F1B16C3CA0008E39C = {
			isa = PBXGroup;
			children = (
				D7F1AA771B40DA56000DBF82 /* LICENSE.txt */,
				3EDF65B41B1E607000D7AF83 /* README.md */,
				D7F1AA791B40DA69000DBF82 /* README2.md */,
				A1CA95AA1B16C3CA0008E39C /* AstroLayout */,
				A1CA95A91B16C3CA0008E39C /* Products */,
			);
			sourceTree = "<group>";
		};
		A1CA95A91B16C3CA0008E39C /* Products */ = {
			isa = PBXGroup;
			children = (
				A1CA95A81B16C3CA0008E39C /* AstroLayout.app */,
			);
			name = Products;
			sourceTree = "<group>";
		};
		A1CA95AA1B16C3CA0008E39C /* AstroLayout */ = {
			isa = PBXGroup;
			children = (
				D7F1AA751B40D99A000DBF82 /* AAPLAppDelegate.swift */,
				D7F1AA711B40BD65000DBF82 /* AAPLViewController.swift */,
				A1CA95B41B16C3CA0008E39C /* Main.storyboard */,
				A1CA95B71B16C3CA0008E39C /* Assets.xcassets */,
				A1CA95B91B16C3CA0008E39C /* LaunchScreen.storyboard */,
				A1CA95BC1B16C3CA0008E39C /* Info.plist */,
			);
			path = AstroLayout;
			sourceTree = "<group>";
		};
/* End PBXGroup section */

/* Begin PBXNativeTarget section */
		A1CA95A71B16C3CA0008E39C /* AstroLayout */ = {
			isa = PBXNativeTarget;
			buildConfigurationList = A1CA95CA1B16C3CA0008E39C /* Build configuration list for PBXNativeTarget "AstroLayout" */;
			buildPhases = (
				A1CA95A41B16C3CA0008E39C /* Sources */,
				A1CA95A51B16C3CA0008E39C /* Frameworks */,
				A1CA95A61B16C3CA0008E39C /* Resources */,
			);
			buildRules = (
			);
			dependencies = (
			);
			name = AstroLayout;
			productName = AstroLayout;
			productReference = A1CA95A81B16C3CA0008E39C /* AstroLayout.app */;
			productType = "com.apple.product-type.application";
		};
/* End PBXNativeTarget section */

/* Begin PBXProject section */
		A1CA95A01B16C3CA0008E39C /* Project object */ = {
			isa = PBXProject;
			attributes = {
				LastSwiftUpdateCheck = 0700;
				LastUpgradeCheck = 0900;
				ORGANIZATIONNAME = Apple;
				TargetAttributes = {
					A1CA95A71B16C3CA0008E39C = {
						CreatedOnToolsVersion = 7.0;
						LastSwiftMigration = 0900;
					};
				};
			};
			buildConfigurationList = A1CA95A31B16C3CA0008E39C /* Build configuration list for PBXProject "AstroLayout" */;
			compatibilityVersion = "Xcode 3.2";
			developmentRegion = English;
			hasScannedForEncodings = 0;
			knownRegions = (
				en,
				Base,
			);
			mainGroup = A1CA959F1B16C3CA0008E39C;
			productRefGroup = A1CA95A91B16C3CA0008E39C /* Products */;
			projectDirPath = "";
			projectRoot = "";
			targets = (
				A1CA95A71B16C3CA0008E39C /* AstroLayout */,
			);
		};
/* End PBXProject section */

/* Begin PBXResourcesBuildPhase section */
		A1CA95A61B16C3CA0008E39C /* Resources */ = {
			isa = PBXResourcesBuildPhase;
			buildActionMask = 2147483647;
			files = (
				A1CA95BB1B16C3CA0008E39C /* LaunchScreen.storyboard in Resources */,
				A1CA95B81B16C3CA0008E39C /* Assets.xcassets in Resources */,
				A1CA95B61B16C3CA0008E39C /* Main.storyboard in Resources */,
			);
			runOnlyForDeploymentPostprocessing = 0;
		};
/* End PBXResourcesBuildPhase section */

/* Begin PBXSourcesBuildPhase section */
		A1CA95A41B16C3CA0008E39C /* Sources */ = {
			isa = PBXSourcesBuildPhase;
			buildActionMask = 2147483647;
			files = (
				D7F1AA741B40D98A000DBF82 /* AAPLViewController.swift in Sources */,
				D7F1AA761B40D99A000DBF82 /* AAPLAppDelegate.swift in Sources */,
			);
			runOnlyForDeploymentPostprocessing = 0;
		};
/* End PBXSourcesBuildPhase section */

/* Begin PBXVariantGroup section */
		A1CA95B41B16C3CA0008E39C /* Main.storyboard */ = {
			isa = PBXVariantGroup;
			children = (
				A1CA95B51B16C3CA0008E39C /* Base */,
			);
			name = Main.storyboard;
			sourceTree = "<group>";
		};
		A1CA95B91B16C3CA0008E39C /* LaunchScreen.storyboard */ = {
			isa = PBXVariantGroup;
			children = (
				A1CA95BA1B16C3CA0008E39C /* Base */,
			);
			name = LaunchScreen.storyboard;
			sourceTree = "<group>";
		};
/* End PBXVariantGroup section */

/* Begin XCBuildConfiguration section */
		A1CA95C81B16C3CA0008E39C /* Debug */ = {
			isa = XCBuildConfiguration;
			buildSettings = {
				ALWAYS_SEARCH_USER_PATHS = NO;
				CLANG_CXX_LANGUAGE_STANDARD = "gnu++0x";
				CLANG_CXX_LIBRARY = "libc++";
				CLANG_ENABLE_MODULES = YES;
				CLANG_ENABLE_OBJC_ARC = YES;
				CLANG_WARN_BLOCK_CAPTURE_AUTORELEASING = YES;
				CLANG_WARN_BOOL_CONVERSION = YES;
				CLANG_WARN_COMMA = YES;
				CLANG_WARN_CONSTANT_CONVERSION = YES;
				CLANG_WARN_DIRECT_OBJC_ISA_USAGE = YES_ERROR;
				CLANG_WARN_EMPTY_BODY = YES;
				CLANG_WARN_ENUM_CONVERSION = YES;
				CLANG_WARN_INFINITE_RECURSION = YES;
				CLANG_WARN_INT_CONVERSION = YES;
				CLANG_WARN_NON_LITERAL_NULL_CONVERSION = YES;
				CLANG_WARN_OBJC_LITERAL_CONVERSION = YES;
				CLANG_WARN_OBJC_ROOT_CLASS = YES_ERROR;
				CLANG_WARN_RANGE_LOOP_ANALYSIS = YES;
				CLANG_WARN_STRICT_PROTOTYPES = YES;
				CLANG_WARN_SUSPICIOUS_MOVE = YES;
				CLANG_WARN_UNREACHABLE_CODE = YES;
				CLANG_WARN__DUPLICATE_METHOD_MATCH = YES;
				"CODE_SIGN_IDENTITY[sdk=iphoneos*]" = "iPhone Developer";
				COPY_PHASE_STRIP = NO;
				DEBUG_INFORMATION_FORMAT = dwarf;
				ENABLE_STRICT_OBJC_MSGSEND = YES;
				ENABLE_TESTABILITY = YES;
				GCC_C_LANGUAGE_STANDARD = gnu99;
				GCC_DYNAMIC_NO_PIC = NO;
				GCC_NO_COMMON_BLOCKS = YES;
				GCC_OPTIMIZATION_LEVEL = 0;
				GCC_PREPROCESSOR_DEFINITIONS = (
					"DEBUG=1",
					"$(inherited)",
				);
				GCC_WARN_64_TO_32_BIT_CONVERSION = YES;
				GCC_WARN_ABOUT_RETURN_TYPE = YES_ERROR;
				GCC_WARN_UNDECLARED_SELECTOR = YES;
				GCC_WARN_UNINITIALIZED_AUTOS = YES_AGGRESSIVE;
				GCC_WARN_UNUSED_FUNCTION = YES;
				GCC_WARN_UNUSED_VARIABLE = YES;
				IPHONEOS_DEPLOYMENT_TARGET = 9.0;
				MTL_ENABLE_DEBUG_INFO = YES;
				ONLY_ACTIVE_ARCH = YES;
				SDKROOT = iphoneos;
				TARGETED_DEVICE_FAMILY = "1,2";
			};
			name = Debug;
		};
		A1CA95C91B16C3CA0008E39C /* Release */ = {
			isa = XCBuildConfiguration;
			buildSettings = {
				ALWAYS_SEARCH_USER_PATHS = NO;
				CLANG_CXX_LANGUAGE_STANDARD = "gnu++0x";
				CLANG_CXX_LIBRARY = "libc++";
				CLANG_ENABLE_MODULES = YES;
				CLANG_ENABLE_OBJC_ARC = YES;
				CLANG_WARN_BLOCK_CAPTURE_AUTORELEASING = YES;
				CLANG_WARN_BOOL_CONVERSION = YES;
				CLANG_WARN_COMMA = YES;
				CLANG_WARN_CONSTANT_CONVERSION = YES;
				CLANG_WARN_DIRECT_OBJC_ISA_USAGE = YES_ERROR;
				CLANG_WARN_EMPTY_BODY = YES;
				CLANG_WARN_ENUM_CONVERSION = YES;
				CLANG_WARN_INFINITE_RECURSION = YES;
				CLANG_WARN_INT_CONVERSION = YES;
				CLANG_WARN_NON_LITERAL_NULL_CONVERSION = YES;
				CLANG_WARN_OBJC_LITERAL_CONVERSION = YES;
				CLANG_WARN_OBJC_ROOT_CLASS = YES_ERROR;
				CLANG_WARN_RANGE_LOOP_ANALYSIS = YES;
				CLANG_WARN_STRICT_PROTOTYPES = YES;
				CLANG_WARN_SUSPICIOUS_MOVE = YES;
				CLANG_WARN_UNREACHABLE_CODE = YES;
				CLANG_WARN__DUPLICATE_METHOD_MATCH = YES;
				"CODE_SIGN_IDENTITY[sdk=iphoneos*]" = "iPhone Developer";
				COPY_PHASE_STRIP = NO;
				DEBUG_INFORMATION_FORMAT = "dwarf-with-dsym";
				ENABLE_NS_ASSERTIONS = NO;
				ENABLE_STRICT_OBJC_MSGSEND = YES;
				GCC_C_LANGUAGE_STANDARD = gnu99;
				GCC_NO_COMMON_BLOCKS = YES;
				GCC_WARN_64_TO_32_BIT_CONVERSION = YES;
				GCC_WARN_ABOUT_RETURN_TYPE = YES_ERROR;
				GCC_WARN_UNDECLARED_SELECTOR = YES;
				GCC_WARN_UNINITIALIZED_AUTOS = YES_AGGRESSIVE;
				GCC_WARN_UNUSED_FUNCTION = YES;
				GCC_WARN_UNUSED_VARIABLE = YES;
				IPHONEOS_DEPLOYMENT_TARGET = 9.0;
				MTL_ENABLE_DEBUG_INFO = NO;
				SDKROOT = iphoneos;
				TARGETED_DEVICE_FAMILY = "1,2";
				VALIDATE_PRODUCT = YES;
			};
			name = Release;
		};
		A1CA95CB1B16C3CA0008E39C /* Debug */ = {
			isa = XCBuildConfiguration;
			buildSettings = {
				ASSETCATALOG_COMPILER_APPICON_NAME = AppIcon;
				CLANG_ENABLE_MODULES = YES;
				CODE_SIGN_IDENTITY = "iPhone Developer";
				DEVELOPMENT_TEAM = "";
				INFOPLIST_FILE = AstroLayout/Info.plist;
				LD_RUNPATH_SEARCH_PATHS = "$(inherited) @executable_path/Frameworks";
				PRODUCT_BUNDLE_IDENTIFIER = "com.example.apple-samplecode.AstroLayout";
				PRODUCT_NAME = "$(TARGET_NAME)";
				SWIFT_OPTIMIZATION_LEVEL = "-Onone";
				SWIFT_SWIFT3_OBJC_INFERENCE = Off;
				SWIFT_VERSION = 4.0;
			};
			name = Debug;
		};
		A1CA95CC1B16C3CA0008E39C /* Release */ = {
			isa = XCBuildConfiguration;
			buildSettings = {
				ASSETCATALOG_COMPILER_APPICON_NAME = AppIcon;
				CLANG_ENABLE_MODULES = YES;
				CODE_SIGN_IDENTITY = "iPhone Developer";
				DEVELOPMENT_TEAM = "";
				INFOPLIST_FILE = AstroLayout/Info.plist;
				LD_RUNPATH_SEARCH_PATHS = "$(inherited) @executable_path/Frameworks";
				PRODUCT_BUNDLE_IDENTIFIER = "com.example.apple-samplecode.AstroLayout";
				PRODUCT_NAME = "$(TARGET_NAME)";
				SWIFT_OPTIMIZATION_LEVEL = "-Owholemodule";
				SWIFT_SWIFT3_OBJC_INFERENCE = Off;
				SWIFT_VERSION = 4.0;
			};
			name = Release;
		};
/* End XCBuildConfiguration section */

/* Begin XCConfigurationList section */
		A1CA95A31B16C3CA0008E39C /* Build configuration list for PBXProject "AstroLayout" */ = {
			isa = XCConfigurationList;
			buildConfigurations = (
				A1CA95C81B16C3CA0008E39C /* Debug */,
				A1CA95C91B16C3CA0008E39C /* Release */,
			);
			defaultConfigurationIsVisible = 0;
			defaultConfigurationName = Release;
		};
		A1CA95CA1B16C3CA0008E39C /* Build configuration list for PBXNativeTarget "AstroLayout" */ = {
			isa = XCConfigurationList;
			buildConfigurations = (
				A1CA95CB1B16C3CA0008E39C /* Debug */,
				A1CA95CC1B16C3CA0008E39C /* Release */,
			);
			defaultConfigurationIsVisible = 0;
			defaultConfigurationName = Release;
		};
/* End XCConfigurationList section */
	};
	rootObject = A1CA95A01B16C3CA0008E39C /* Project object */;
}
